
Microsoft Visual Studio Solution File, Format Version 12.00
# Visual Studio Version 17
VisualStudioVersion = 17.7.34031.279
MinimumVisualStudioVersion = 10.0.40219.1
Project("{FAE04EC0-301F-11D3-BF4B-00C04F79EFBC}") = "SistemaOficinaNT", "SistemaOficinaNT\SistemaOficinaNT.csproj", "{A8A7624F-082F-46FA-A1C7-A090465BAB0E}"
EndProject
Global
	GlobalSection(SolutionConfigurationPlatforms) = preSolution
		Debug|Any CPU = Debug|Any CPU
		Release|Any CPU = Release|Any CPU
	EndGlobalSection
	GlobalSection(ProjectConfigurationPlatforms) = postSolution
		{A8A7624F-082F-46FA-A1C7-A090465BAB0E}.Debug|Any CPU.ActiveCfg = Debug|Any CPU
		{A8A7624F-082F-46FA-A1C7-A090465BAB0E}.Debug|Any CPU.Build.0 = Debug|Any CPU
		{A8A7624F-082F-46FA-A1C7-A090465BAB0E}.Release|Any CPU.ActiveCfg = Release|Any CPU
		{A8A7624F-082F-46FA-A1C7-A090465BAB0E}.Release|Any CPU.Build.0 = Release|Any CPU
	EndGlobalSection
	GlobalSection(SolutionProperties) = preSolution
		HideSolutionNode = FALSE
	EndGlobalSection
	GlobalSection(ExtensibilityGlobals) = postSolution
		SolutionGuid = {B9869101-2BA9-46AA-B680-DAB82D710180}
	EndGlobalSection
EndGlobal
